// !$*UTF8*$!
{
	archiveVersion = 1;
	classes = {
	};
	objectVersion = 48;
	objects = {

/* Begin PBXBuildFile section */
		BB27C9B68D0FC35F516BD8C8 /* Pods_Chunky.framework in Frameworks */ = {isa = PBXBuildFile; fileRef = 5DAD06C03E04DC2A23A496B1 /* Pods_Chunky.framework */; };
		E118638F1FD347B400818E5F /* SignUpViewController.swift in Sources */ = {isa = PBXBuildFile; fileRef = E118638E1FD347B400818E5F /* SignUpViewController.swift */; };
		E11863951FD362B900818E5F /* User.swift in Sources */ = {isa = PBXBuildFile; fileRef = E11863941FD362B900818E5F /* User.swift */; };
		E11863971FD3631E00818E5F /* TaskFeed.swift in Sources */ = {isa = PBXBuildFile; fileRef = E11863961FD3631E00818E5F /* TaskFeed.swift */; };
		E11863991FD37E4C00818E5F /* TaskCollectionViewCell.swift in Sources */ = {isa = PBXBuildFile; fileRef = E11863981FD37E4C00818E5F /* TaskCollectionViewCell.swift */; };
		E118639B1FD4B6E500818E5F /* TaskCreationViewController.swift in Sources */ = {isa = PBXBuildFile; fileRef = E118639A1FD4B6E500818E5F /* TaskCreationViewController.swift */; };
		E118639D1FD4C8C500818E5F /* CustomChunkCreationViewController.swift in Sources */ = {isa = PBXBuildFile; fileRef = E118639C1FD4C8C500818E5F /* CustomChunkCreationViewController.swift */; };
		E12F72101FC8E839004C6572 /* AppDelegate.swift in Sources */ = {isa = PBXBuildFile; fileRef = E12F720F1FC8E839004C6572 /* AppDelegate.swift */; };
		E12F72121FC8E839004C6572 /* LogInViewController.swift in Sources */ = {isa = PBXBuildFile; fileRef = E12F72111FC8E839004C6572 /* LogInViewController.swift */; };
		E12F72151FC8E839004C6572 /* Main.storyboard in Resources */ = {isa = PBXBuildFile; fileRef = E12F72131FC8E839004C6572 /* Main.storyboard */; };
		E12F72181FC8E839004C6572 /* Chunky.xcdatamodeld in Sources */ = {isa = PBXBuildFile; fileRef = E12F72161FC8E839004C6572 /* Chunky.xcdatamodeld */; };
		E12F721A1FC8E839004C6572 /* Assets.xcassets in Resources */ = {isa = PBXBuildFile; fileRef = E12F72191FC8E839004C6572 /* Assets.xcassets */; };
		E12F721D1FC8E839004C6572 /* LaunchScreen.storyboard in Resources */ = {isa = PBXBuildFile; fileRef = E12F721B1FC8E839004C6572 /* LaunchScreen.storyboard */; };
		E12F72251FC8EA55004C6572 /* GoogleService-Info.plist in Resources */ = {isa = PBXBuildFile; fileRef = E12F72241FC8EA54004C6572 /* GoogleService-Info.plist */; };
		E15964301FD5D01E004922CC /* TasksViewController.swift in Sources */ = {isa = PBXBuildFile; fileRef = E159642F1FD5D01E004922CC /* TasksViewController.swift */; };
		E15964321FD5EB4C004922CC /* ChunkUIView.swift in Sources */ = {isa = PBXBuildFile; fileRef = E15964311FD5EB4C004922CC /* ChunkUIView.swift */; };
/* End PBXBuildFile section */

/* Begin PBXFileReference section */
		5DAD06C03E04DC2A23A496B1 /* Pods_Chunky.framework */ = {isa = PBXFileReference; explicitFileType = wrapper.framework; includeInIndex = 0; path = Pods_Chunky.framework; sourceTree = BUILT_PRODUCTS_DIR; };
		706869C8D85243CDD634F4F1 /* Pods-Chunky.release.xcconfig */ = {isa = PBXFileReference; includeInIndex = 1; lastKnownFileType = text.xcconfig; name = "Pods-Chunky.release.xcconfig"; path = "Pods/Target Support Files/Pods-Chunky/Pods-Chunky.release.xcconfig"; sourceTree = "<group>"; };
		C97E4401ECA780C6C0D45F44 /* Pods-Chunky.debug.xcconfig */ = {isa = PBXFileReference; includeInIndex = 1; lastKnownFileType = text.xcconfig; name = "Pods-Chunky.debug.xcconfig"; path = "Pods/Target Support Files/Pods-Chunky/Pods-Chunky.debug.xcconfig"; sourceTree = "<group>"; };
		E118638E1FD347B400818E5F /* SignUpViewController.swift */ = {isa = PBXFileReference; lastKnownFileType = sourcecode.swift; path = SignUpViewController.swift; sourceTree = "<group>"; };
		E11863941FD362B900818E5F /* User.swift */ = {isa = PBXFileReference; lastKnownFileType = sourcecode.swift; path = User.swift; sourceTree = "<group>"; };
		E11863961FD3631E00818E5F /* TaskFeed.swift */ = {isa = PBXFileReference; lastKnownFileType = sourcecode.swift; path = TaskFeed.swift; sourceTree = "<group>"; };
		E11863981FD37E4C00818E5F /* TaskCollectionViewCell.swift */ = {isa = PBXFileReference; lastKnownFileType = sourcecode.swift; path = TaskCollectionViewCell.swift; sourceTree = "<group>"; };
		E118639A1FD4B6E500818E5F /* TaskCreationViewController.swift */ = {isa = PBXFileReference; lastKnownFileType = sourcecode.swift; path = TaskCreationViewController.swift; sourceTree = "<group>"; };
		E118639C1FD4C8C500818E5F /* CustomChunkCreationViewController.swift */ = {isa = PBXFileReference; lastKnownFileType = sourcecode.swift; path = CustomChunkCreationViewController.swift; sourceTree = "<group>"; };
		E12F720C1FC8E839004C6572 /* Chunky.app */ = {isa = PBXFileReference; explicitFileType = wrapper.application; includeInIndex = 0; path = Chunky.app; sourceTree = BUILT_PRODUCTS_DIR; };
		E12F720F1FC8E839004C6572 /* AppDelegate.swift */ = {isa = PBXFileReference; lastKnownFileType = sourcecode.swift; path = AppDelegate.swift; sourceTree = "<group>"; };
		E12F72111FC8E839004C6572 /* LogInViewController.swift */ = {isa = PBXFileReference; lastKnownFileType = sourcecode.swift; path = LogInViewController.swift; sourceTree = "<group>"; };
		E12F72141FC8E839004C6572 /* Base */ = {isa = PBXFileReference; lastKnownFileType = file.storyboard; name = Base; path = Base.lproj/Main.storyboard; sourceTree = "<group>"; };
		E12F72171FC8E839004C6572 /* Chunky.xcdatamodel */ = {isa = PBXFileReference; lastKnownFileType = wrapper.xcdatamodel; path = Chunky.xcdatamodel; sourceTree = "<group>"; };
		E12F72191FC8E839004C6572 /* Assets.xcassets */ = {isa = PBXFileReference; lastKnownFileType = folder.assetcatalog; path = Assets.xcassets; sourceTree = "<group>"; };
		E12F721C1FC8E839004C6572 /* Base */ = {isa = PBXFileReference; lastKnownFileType = file.storyboard; name = Base; path = Base.lproj/LaunchScreen.storyboard; sourceTree = "<group>"; };
		E12F721E1FC8E839004C6572 /* Info.plist */ = {isa = PBXFileReference; lastKnownFileType = text.plist.xml; path = Info.plist; sourceTree = "<group>"; };
		E12F72241FC8EA54004C6572 /* GoogleService-Info.plist */ = {isa = PBXFileReference; fileEncoding = 4; lastKnownFileType = text.plist.xml; path = "GoogleService-Info.plist"; sourceTree = "<group>"; };
		E159642F1FD5D01E004922CC /* TasksViewController.swift */ = {isa = PBXFileReference; lastKnownFileType = sourcecode.swift; path = TasksViewController.swift; sourceTree = "<group>"; };
		E15964311FD5EB4C004922CC /* ChunkUIView.swift */ = {isa = PBXFileReference; lastKnownFileType = sourcecode.swift; path = ChunkUIView.swift; sourceTree = "<group>"; };
/* End PBXFileReference section */

/* Begin PBXFrameworksBuildPhase section */
		E12F72091FC8E839004C6572 /* Frameworks */ = {
			isa = PBXFrameworksBuildPhase;
			buildActionMask = 2147483647;
			files = (
				BB27C9B68D0FC35F516BD8C8 /* Pods_Chunky.framework in Frameworks */,
			);
			runOnlyForDeploymentPostprocessing = 0;
		};
/* End PBXFrameworksBuildPhase section */

/* Begin PBXGroup section */
		199F1D43EE8AA86932048F50 /* Frameworks */ = {
			isa = PBXGroup;
			children = (
				5DAD06C03E04DC2A23A496B1 /* Pods_Chunky.framework */,
			);
			name = Frameworks;
			sourceTree = "<group>";
		};
		A7CC923885B022707D0817BA /* Pods */ = {
			isa = PBXGroup;
			children = (
				C97E4401ECA780C6C0D45F44 /* Pods-Chunky.debug.xcconfig */,
				706869C8D85243CDD634F4F1 /* Pods-Chunky.release.xcconfig */,
			);
			name = Pods;
			sourceTree = "<group>";
		};
		E12F72031FC8E839004C6572 = {
			isa = PBXGroup;
			children = (
				E12F720E1FC8E839004C6572 /* Chunky */,
				E12F720D1FC8E839004C6572 /* Products */,
				A7CC923885B022707D0817BA /* Pods */,
				199F1D43EE8AA86932048F50 /* Frameworks */,
			);
			sourceTree = "<group>";
		};
		E12F720D1FC8E839004C6572 /* Products */ = {
			isa = PBXGroup;
			children = (
				E12F720C1FC8E839004C6572 /* Chunky.app */,
			);
			name = Products;
			sourceTree = "<group>";
		};
		E12F720E1FC8E839004C6572 /* Chunky */ = {
			isa = PBXGroup;
			children = (
				E12F720F1FC8E839004C6572 /* AppDelegate.swift */,
				E12F72111FC8E839004C6572 /* LogInViewController.swift */,
				E118638E1FD347B400818E5F /* SignUpViewController.swift */,
				E11863941FD362B900818E5F /* User.swift */,
				E118639A1FD4B6E500818E5F /* TaskCreationViewController.swift */,
				E15964311FD5EB4C004922CC /* ChunkUIView.swift */,
				E118639C1FD4C8C500818E5F /* CustomChunkCreationViewController.swift */,
				E11863961FD3631E00818E5F /* TaskFeed.swift */,
				E11863981FD37E4C00818E5F /* TaskCollectionViewCell.swift */,
				E159642F1FD5D01E004922CC /* TasksViewController.swift */,
				E12F72131FC8E839004C6572 /* Main.storyboard */,
				E12F72191FC8E839004C6572 /* Assets.xcassets */,
				E12F721B1FC8E839004C6572 /* LaunchScreen.storyboard */,
				E12F721E1FC8E839004C6572 /* Info.plist */,
				E12F72161FC8E839004C6572 /* Chunky.xcdatamodeld */,
				E12F72241FC8EA54004C6572 /* GoogleService-Info.plist */,
			);
			path = Chunky;
			sourceTree = "<group>";
		};
/* End PBXGroup section */

/* Begin PBXNativeTarget section */
		E12F720B1FC8E839004C6572 /* Chunky */ = {
			isa = PBXNativeTarget;
			buildConfigurationList = E12F72211FC8E839004C6572 /* Build configuration list for PBXNativeTarget "Chunky" */;
			buildPhases = (
				0FF7F9A7B7F749D7D668CFB9 /* [CP] Check Pods Manifest.lock */,
				E12F72081FC8E839004C6572 /* Sources */,
				E12F72091FC8E839004C6572 /* Frameworks */,
				E12F720A1FC8E839004C6572 /* Resources */,
				8D750A334FA15489786EE1DE /* [CP] Embed Pods Frameworks */,
				CD3C6F97BFBB3E4759EC5472 /* [CP] Copy Pods Resources */,
			);
			buildRules = (
			);
			dependencies = (
			);
			name = Chunky;
			productName = Chunky;
			productReference = E12F720C1FC8E839004C6572 /* Chunky.app */;
			productType = "com.apple.product-type.application";
		};
/* End PBXNativeTarget section */

/* Begin PBXProject section */
		E12F72041FC8E839004C6572 /* Project object */ = {
			isa = PBXProject;
			attributes = {
				LastSwiftUpdateCheck = 0910;
				LastUpgradeCheck = 0910;
				ORGANIZATIONNAME = "Yichen Sun";
				TargetAttributes = {
					E12F720B1FC8E839004C6572 = {
						CreatedOnToolsVersion = 9.1;
						ProvisioningStyle = Automatic;
					};
				};
			};
			buildConfigurationList = E12F72071FC8E839004C6572 /* Build configuration list for PBXProject "Chunky" */;
			compatibilityVersion = "Xcode 8.0";
			developmentRegion = en;
			hasScannedForEncodings = 0;
			knownRegions = (
				en,
				Base,
			);
			mainGroup = E12F72031FC8E839004C6572;
			productRefGroup = E12F720D1FC8E839004C6572 /* Products */;
			projectDirPath = "";
			projectRoot = "";
			targets = (
				E12F720B1FC8E839004C6572 /* Chunky */,
			);
		};
/* End PBXProject section */

/* Begin PBXResourcesBuildPhase section */
		E12F720A1FC8E839004C6572 /* Resources */ = {
			isa = PBXResourcesBuildPhase;
			buildActionMask = 2147483647;
			files = (
				E12F721D1FC8E839004C6572 /* LaunchScreen.storyboard in Resources */,
				E12F72251FC8EA55004C6572 /* GoogleService-Info.plist in Resources */,
				E12F721A1FC8E839004C6572 /* Assets.xcassets in Resources */,
				E12F72151FC8E839004C6572 /* Main.storyboard in Resources */,
			);
			runOnlyForDeploymentPostprocessing = 0;
		};
/* End PBXResourcesBuildPhase section */

/* Begin PBXShellScriptBuildPhase section */
		0FF7F9A7B7F749D7D668CFB9 /* [CP] Check Pods Manifest.lock */ = {
			isa = PBXShellScriptBuildPhase;
			buildActionMask = 2147483647;
			files = (
			);
			inputPaths = (
				"${PODS_PODFILE_DIR_PATH}/Podfile.lock",
				"${PODS_ROOT}/Manifest.lock",
			);
			name = "[CP] Check Pods Manifest.lock";
			outputPaths = (
				"$(DERIVED_FILE_DIR)/Pods-Chunky-checkManifestLockResult.txt",
			);
			runOnlyForDeploymentPostprocessing = 0;
			shellPath = /bin/sh;
			shellScript = "diff \"${PODS_PODFILE_DIR_PATH}/Podfile.lock\" \"${PODS_ROOT}/Manifest.lock\" > /dev/null\nif [ $? != 0 ] ; then\n    # print error to STDERR\n    echo \"error: The sandbox is not in sync with the Podfile.lock. Run 'pod install' or update your CocoaPods installation.\" >&2\n    exit 1\nfi\n# This output is used by Xcode 'outputs' to avoid re-running this script phase.\necho \"SUCCESS\" > \"${SCRIPT_OUTPUT_FILE_0}\"\n";
			showEnvVarsInLog = 0;
		};
		8D750A334FA15489786EE1DE /* [CP] Embed Pods Frameworks */ = {
			isa = PBXShellScriptBuildPhase;
			buildActionMask = 2147483647;
			files = (
			);
			inputPaths = (
				"${SRCROOT}/Pods/Target Support Files/Pods-Chunky/Pods-Chunky-frameworks.sh",
				"${BUILT_PRODUCTS_DIR}/GTMSessionFetcher/GTMSessionFetcher.framework",
				"${BUILT_PRODUCTS_DIR}/GoogleToolboxForMac/GoogleToolboxForMac.framework",
				"${BUILT_PRODUCTS_DIR}/MBProgressHUD/MBProgressHUD.framework",
				"${BUILT_PRODUCTS_DIR}/SDWebImage/SDWebImage.framework",
				"${BUILT_PRODUCTS_DIR}/leveldb-library/leveldb.framework",
				"${BUILT_PRODUCTS_DIR}/nanopb/nanopb.framework",
			);
			name = "[CP] Embed Pods Frameworks";
			outputPaths = (
				"${TARGET_BUILD_DIR}/${FRAMEWORKS_FOLDER_PATH}/GTMSessionFetcher.framework",
				"${TARGET_BUILD_DIR}/${FRAMEWORKS_FOLDER_PATH}/GoogleToolboxForMac.framework",
				"${TARGET_BUILD_DIR}/${FRAMEWORKS_FOLDER_PATH}/MBProgressHUD.framework",
				"${TARGET_BUILD_DIR}/${FRAMEWORKS_FOLDER_PATH}/SDWebImage.framework",
				"${TARGET_BUILD_DIR}/${FRAMEWORKS_FOLDER_PATH}/leveldb.framework",
				"${TARGET_BUILD_DIR}/${FRAMEWORKS_FOLDER_PATH}/nanopb.framework",
			);
			runOnlyForDeploymentPostprocessing = 0;
			shellPath = /bin/sh;
			shellScript = "\"${SRCROOT}/Pods/Target Support Files/Pods-Chunky/Pods-Chunky-frameworks.sh\"\n";
			showEnvVarsInLog = 0;
		};
		CD3C6F97BFBB3E4759EC5472 /* [CP] Copy Pods Resources */ = {
			isa = PBXShellScriptBuildPhase;
			buildActionMask = 2147483647;
			files = (
			);
			inputPaths = (
			);
			name = "[CP] Copy Pods Resources";
			outputPaths = (
			);
			runOnlyForDeploymentPostprocessing = 0;
			shellPath = /bin/sh;
			shellScript = "\"${SRCROOT}/Pods/Target Support Files/Pods-Chunky/Pods-Chunky-resources.sh\"\n";
			showEnvVarsInLog = 0;
		};
/* End PBXShellScriptBuildPhase section */

/* Begin PBXSourcesBuildPhase section */
		E12F72081FC8E839004C6572 /* Sources */ = {
			isa = PBXSourcesBuildPhase;
			buildActionMask = 2147483647;
			files = (
				E12F72121FC8E839004C6572 /* LogInViewController.swift in Sources */,
				E11863991FD37E4C00818E5F /* TaskCollectionViewCell.swift in Sources */,
				E15964301FD5D01E004922CC /* TasksViewController.swift in Sources */,
				E12F72181FC8E839004C6572 /* Chunky.xcdatamodeld in Sources */,
				E11863951FD362B900818E5F /* User.swift in Sources */,
				E118639D1FD4C8C500818E5F /* CustomChunkCreationViewController.swift in Sources */,
				E118639B1FD4B6E500818E5F /* TaskCreationViewController.swift in Sources */,
				E11863971FD3631E00818E5F /* TaskFeed.swift in Sources */,
				E118638F1FD347B400818E5F /* SignUpViewController.swift in Sources */,
				E15964321FD5EB4C004922CC /* ChunkUIView.swift in Sources */,
				E12F72101FC8E839004C6572 /* AppDelegate.swift in Sources */,
			);
			runOnlyForDeploymentPostprocessing = 0;
		};
/* End PBXSourcesBuildPhase section */

/* Begin PBXVariantGroup section */
		E12F72131FC8E839004C6572 /* Main.storyboard */ = {
			isa = PBXVariantGroup;
			children = (
				E12F72141FC8E839004C6572 /* Base */,
			);
			name = Main.storyboard;
			sourceTree = "<group>";
		};
		E12F721B1FC8E839004C6572 /* LaunchScreen.storyboard */ = {
			isa = PBXVariantGroup;
			children = (
				E12F721C1FC8E839004C6572 /* Base */,
			);
			name = LaunchScreen.storyboard;
			sourceTree = "<group>";
		};
/* End PBXVariantGroup section */

/* Begin XCBuildConfiguration section */
		E12F721F1FC8E839004C6572 /* Debug */ = {
			isa = XCBuildConfiguration;
			buildSettings = {
				ALWAYS_SEARCH_USER_PATHS = NO;
				CLANG_ANALYZER_NONNULL = YES;
				CLANG_ANALYZER_NUMBER_OBJECT_CONVERSION = YES_AGGRESSIVE;
				CLANG_CXX_LANGUAGE_STANDARD = "gnu++14";
				CLANG_CXX_LIBRARY = "libc++";
				CLANG_ENABLE_MODULES = YES;
				CLANG_ENABLE_OBJC_ARC = YES;
				CLANG_WARN_BLOCK_CAPTURE_AUTORELEASING = YES;
				CLANG_WARN_BOOL_CONVERSION = YES;
				CLANG_WARN_COMMA = YES;
				CLANG_WARN_CONSTANT_CONVERSION = YES;
				CLANG_WARN_DIRECT_OBJC_ISA_USAGE = YES_ERROR;
				CLANG_WARN_DOCUMENTATION_COMMENTS = YES;
				CLANG_WARN_EMPTY_BODY = YES;
				CLANG_WARN_ENUM_CONVERSION = YES;
				CLANG_WARN_INFINITE_RECURSION = YES;
				CLANG_WARN_INT_CONVERSION = YES;
				CLANG_WARN_NON_LITERAL_NULL_CONVERSION = YES;
				CLANG_WARN_OBJC_LITERAL_CONVERSION = YES;
				CLANG_WARN_OBJC_ROOT_CLASS = YES_ERROR;
				CLANG_WARN_RANGE_LOOP_ANALYSIS = YES;
				CLANG_WARN_STRICT_PROTOTYPES = YES;
				CLANG_WARN_SUSPICIOUS_MOVE = YES;
				CLANG_WARN_UNGUARDED_AVAILABILITY = YES_AGGRESSIVE;
				CLANG_WARN_UNREACHABLE_CODE = YES;
				CLANG_WARN__DUPLICATE_METHOD_MATCH = YES;
				CODE_SIGN_IDENTITY = "iPhone Developer";
				COPY_PHASE_STRIP = NO;
				DEBUG_INFORMATION_FORMAT = dwarf;
				ENABLE_STRICT_OBJC_MSGSEND = YES;
				ENABLE_TESTABILITY = YES;
				GCC_C_LANGUAGE_STANDARD = gnu11;
				GCC_DYNAMIC_NO_PIC = NO;
				GCC_NO_COMMON_BLOCKS = YES;
				GCC_OPTIMIZATION_LEVEL = 0;
				GCC_PREPROCESSOR_DEFINITIONS = (
					"DEBUG=1",
					"$(inherited)",
				);
				GCC_WARN_64_TO_32_BIT_CONVERSION = YES;
				GCC_WARN_ABOUT_RETURN_TYPE = YES_ERROR;
				GCC_WARN_UNDECLARED_SELECTOR = YES;
				GCC_WARN_UNINITIALIZED_AUTOS = YES_AGGRESSIVE;
				GCC_WARN_UNUSED_FUNCTION = YES;
				GCC_WARN_UNUSED_VARIABLE = YES;
				IPHONEOS_DEPLOYMENT_TARGET = 11.1;
				MTL_ENABLE_DEBUG_INFO = YES;
				ONLY_ACTIVE_ARCH = YES;
				SDKROOT = iphoneos;
				SWIFT_ACTIVE_COMPILATION_CONDITIONS = DEBUG;
				SWIFT_OPTIMIZATION_LEVEL = "-Onone";
			};
			name = Debug;
		};
		E12F72201FC8E839004C6572 /* Release */ = {
			isa = XCBuildConfiguration;
			buildSettings = {
				ALWAYS_SEARCH_USER_PATHS = NO;
				CLANG_ANALYZER_NONNULL = YES;
				CLANG_ANALYZER_NUMBER_OBJECT_CONVERSION = YES_AGGRESSIVE;
				CLANG_CXX_LANGUAGE_STANDARD = "gnu++14";
				CLANG_CXX_LIBRARY = "libc++";
				CLANG_ENABLE_MODULES = YES;
				CLANG_ENABLE_OBJC_ARC = YES;
				CLANG_WARN_BLOCK_CAPTURE_AUTORELEASING = YES;
				CLANG_WARN_BOOL_CONVERSION = YES;
				CLANG_WARN_COMMA = YES;
				CLANG_WARN_CONSTANT_CONVERSION = YES;
				CLANG_WARN_DIRECT_OBJC_ISA_USAGE = YES_ERROR;
				CLANG_WARN_DOCUMENTATION_COMMENTS = YES;
				CLANG_WARN_EMPTY_BODY = YES;
				CLANG_WARN_ENUM_CONVERSION = YES;
				CLANG_WARN_INFINITE_RECURSION = YES;
				CLANG_WARN_INT_CONVERSION = YES;
				CLANG_WARN_NON_LITERAL_NULL_CONVERSION = YES;
				CLANG_WARN_OBJC_LITERAL_CONVERSION = YES;
				CLANG_WARN_OBJC_ROOT_CLASS = YES_ERROR;
				CLANG_WARN_RANGE_LOOP_ANALYSIS = YES;
				CLANG_WARN_STRICT_PROTOTYPES = YES;
				CLANG_WARN_SUSPICIOUS_MOVE = YES;
				CLANG_WARN_UNGUARDED_AVAILABILITY = YES_AGGRESSIVE;
				CLANG_WARN_UNREACHABLE_CODE = YES;
				CLANG_WARN__DUPLICATE_METHOD_MATCH = YES;
				CODE_SIGN_IDENTITY = "iPhone Developer";
				COPY_PHASE_STRIP = NO;
				DEBUG_INFORMATION_FORMAT = "dwarf-with-dsym";
				ENABLE_NS_ASSERTIONS = NO;
				ENABLE_STRICT_OBJC_MSGSEND = YES;
				GCC_C_LANGUAGE_STANDARD = gnu11;
				GCC_NO_COMMON_BLOCKS = YES;
				GCC_WARN_64_TO_32_BIT_CONVERSION = YES;
				GCC_WARN_ABOUT_RETURN_TYPE = YES_ERROR;
				GCC_WARN_UNDECLARED_SELECTOR = YES;
				GCC_WARN_UNINITIALIZED_AUTOS = YES_AGGRESSIVE;
				GCC_WARN_UNUSED_FUNCTION = YES;
				GCC_WARN_UNUSED_VARIABLE = YES;
				IPHONEOS_DEPLOYMENT_TARGET = 11.1;
				MTL_ENABLE_DEBUG_INFO = NO;
				SDKROOT = iphoneos;
				SWIFT_OPTIMIZATION_LEVEL = "-Owholemodule";
				VALIDATE_PRODUCT = YES;
			};
			name = Release;
		};
		E12F72221FC8E839004C6572 /* Debug */ = {
			isa = XCBuildConfiguration;
			baseConfigurationReference = C97E4401ECA780C6C0D45F44 /* Pods-Chunky.debug.xcconfig */;
			buildSettings = {
				ASSETCATALOG_COMPILER_APPICON_NAME = AppIcon;
				CODE_SIGN_STYLE = Automatic;
				DEVELOPMENT_TEAM = 8W65PB4C8B;
				INFOPLIST_FILE = Chunky/Info.plist;
				LD_RUNPATH_SEARCH_PATHS = "$(inherited) @executable_path/Frameworks";
				PRODUCT_BUNDLE_IDENTIFIER = io.github.syichen.Chunky;
				PRODUCT_NAME = "$(TARGET_NAME)";
				SWIFT_VERSION = 4.0;
				TARGETED_DEVICE_FAMILY = "1,2";
			};
			name = Debug;
		};
		E12F72231FC8E839004C6572 /* Release */ = {
			isa = XCBuildConfiguration;
			baseConfigurationReference = 706869C8D85243CDD634F4F1 /* Pods-Chunky.release.xcconfig */;
			buildSettings = {
				ASSETCATALOG_COMPILER_APPICON_NAME = AppIcon;
				CODE_SIGN_STYLE = Automatic;
				DEVELOPMENT_TEAM = 8W65PB4C8B;
				INFOPLIST_FILE = Chunky/Info.plist;
				LD_RUNPATH_SEARCH_PATHS = "$(inherited) @executable_path/Frameworks";
				PRODUCT_BUNDLE_IDENTIFIER = io.github.syichen.Chunky;
				PRODUCT_NAME = "$(TARGET_NAME)";
				SWIFT_VERSION = 4.0;
				TARGETED_DEVICE_FAMILY = "1,2";
			};
			name = Release;
		};
/* End XCBuildConfiguration section */

/* Begin XCConfigurationList section */
		E12F72071FC8E839004C6572 /* Build configuration list for PBXProject "Chunky" */ = {
			isa = XCConfigurationList;
			buildConfigurations = (
				E12F721F1FC8E839004C6572 /* Debug */,
				E12F72201FC8E839004C6572 /* Release */,
			);
			defaultConfigurationIsVisible = 0;
			defaultConfigurationName = Release;
		};
		E12F72211FC8E839004C6572 /* Build configuration list for PBXNativeTarget "Chunky" */ = {
			isa = XCConfigurationList;
			buildConfigurations = (
				E12F72221FC8E839004C6572 /* Debug */,
				E12F72231FC8E839004C6572 /* Release */,
			);
			defaultConfigurationIsVisible = 0;
			defaultConfigurationName = Release;
		};
/* End XCConfigurationList section */

/* Begin XCVersionGroup section */
		E12F72161FC8E839004C6572 /* Chunky.xcdatamodeld */ = {
			isa = XCVersionGroup;
			children = (
				E12F72171FC8E839004C6572 /* Chunky.xcdatamodel */,
			);
			currentVersion = E12F72171FC8E839004C6572 /* Chunky.xcdatamodel */;
			path = Chunky.xcdatamodeld;
			sourceTree = "<group>";
			versionGroupType = wrapper.xcdatamodel;
		};
/* End XCVersionGroup section */
	};
	rootObject = E12F72041FC8E839004C6572 /* Project object */;
}
